// !$*UTF8*$!
{
	archiveVersion = 1;
	classes = {
	};
	objectVersion = 50;
	objects = {

/* Begin PBXBuildFile section */
		29797AEF25A76D1D00054F8F /* day8App.swift in Sources */ = {isa = PBXBuildFile; fileRef = 29797AEE25A76D1D00054F8F /* day8App.swift */; };
		29797AF125A76D1D00054F8F /* ContentView.swift in Sources */ = {isa = PBXBuildFile; fileRef = 29797AF025A76D1D00054F8F /* ContentView.swift */; };
		29797AF325A76D1F00054F8F /* Assets.xcassets in Resources */ = {isa = PBXBuildFile; fileRef = 29797AF225A76D1F00054F8F /* Assets.xcassets */; };
		29797AF625A76D1F00054F8F /* Preview Assets.xcassets in Resources */ = {isa = PBXBuildFile; fileRef = 29797AF525A76D1F00054F8F /* Preview Assets.xcassets */; };
		29797AFF25A76D3E00054F8F /* secondpage.swift in Sources */ = {isa = PBXBuildFile; fileRef = 29797AFE25A76D3E00054F8F /* secondpage.swift */; };
		29797B0225A77A3200054F8F /* Env.swift in Sources */ = {isa = PBXBuildFile; fileRef = 29797B0125A77A3200054F8F /* Env.swift */; };
/* End PBXBuildFile section */

/* Begin PBXFileReference section */
		29797AEB25A76D1D00054F8F /* day8.app */ = {isa = PBXFileReference; explicitFileType = wrapper.application; includeInIndex = 0; path = day8.app; sourceTree = BUILT_PRODUCTS_DIR; };
		29797AEE25A76D1D00054F8F /* day8App.swift */ = {isa = PBXFileReference; lastKnownFileType = sourcecode.swift; path = day8App.swift; sourceTree = "<group>"; };
		29797AF025A76D1D00054F8F /* ContentView.swift */ = {isa = PBXFileReference; lastKnownFileType = sourcecode.swift; path = ContentView.swift; sourceTree = "<group>"; };
		29797AF225A76D1F00054F8F /* Assets.xcassets */ = {isa = PBXFileReference; lastKnownFileType = folder.assetcatalog; path = Assets.xcassets; sourceTree = "<group>"; };
		29797AF525A76D1F00054F8F /* Preview Assets.xcassets */ = {isa = PBXFileReference; lastKnownFileType = folder.assetcatalog; path = "Preview Assets.xcassets"; sourceTree = "<group>"; };
		29797AF725A76D1F00054F8F /* Info.plist */ = {isa = PBXFileReference; lastKnownFileType = text.plist.xml; path = Info.plist; sourceTree = "<group>"; };
		29797AFE25A76D3E00054F8F /* secondpage.swift */ = {isa = PBXFileReference; lastKnownFileType = sourcecode.swift; path = secondpage.swift; sourceTree = "<group>"; };
		29797B0125A77A3200054F8F /* Env.swift */ = {isa = PBXFileReference; lastKnownFileType = sourcecode.swift; path = Env.swift; sourceTree = "<group>"; };
/* End PBXFileReference section */

/* Begin PBXFrameworksBuildPhase section */
		29797AE825A76D1D00054F8F /* Frameworks */ = {
			isa = PBXFrameworksBuildPhase;
			buildActionMask = 2147483647;
			files = (
			);
			runOnlyForDeploymentPostprocessing = 0;
		};
/* End PBXFrameworksBuildPhase section */

/* Begin PBXGroup section */
		29797AE225A76D1D00054F8F = {
			isa = PBXGroup;
			children = (
				29797AED25A76D1D00054F8F /* day8 */,
				29797AEC25A76D1D00054F8F /* Products */,
			);
			sourceTree = "<group>";
		};
		29797AEC25A76D1D00054F8F /* Products */ = {
			isa = PBXGroup;
			children = (
				29797AEB25A76D1D00054F8F /* day8.app */,
			);
			name = Products;
			sourceTree = "<group>";
		};
		29797AED25A76D1D00054F8F /* day8 */ = {
			isa = PBXGroup;
			children = (
				29797AEE25A76D1D00054F8F /* day8App.swift */,
				29797AF025A76D1D00054F8F /* ContentView.swift */,
				29797B0125A77A3200054F8F /* Env.swift */,
				29797AFE25A76D3E00054F8F /* secondpage.swift */,
				29797AF225A76D1F00054F8F /* Assets.xcassets */,
				29797AF725A76D1F00054F8F /* Info.plist */,
				29797AF425A76D1F00054F8F /* Preview Content */,
			);
			path = day8;
			sourceTree = "<group>";
		};
		29797AF425A76D1F00054F8F /* Preview Content */ = {
			isa = PBXGroup;
			children = (
				29797AF525A76D1F00054F8F /* Preview Assets.xcassets */,
			);
			path = "Preview Content";
			sourceTree = "<group>";
		};
/* End PBXGroup section */

/* Begin PBXNativeTarget section */
		29797AEA25A76D1D00054F8F /* day8 */ = {
			isa = PBXNativeTarget;
			buildConfigurationList = 29797AFA25A76D1F00054F8F /* Build configuration list for PBXNativeTarget "day8" */;
			buildPhases = (
				29797AE725A76D1D00054F8F /* Sources */,
				29797AE825A76D1D00054F8F /* Frameworks */,
				29797AE925A76D1D00054F8F /* Resources */,
			);
			buildRules = (
			);
			dependencies = (
			);
			name = day8;
			productName = day8;
			productReference = 29797AEB25A76D1D00054F8F /* day8.app */;
			productType = "com.apple.product-type.application";
		};
/* End PBXNativeTarget section */

/* Begin PBXProject section */
		29797AE325A76D1D00054F8F /* Project object */ = {
			isa = PBXProject;
			attributes = {
				LastSwiftUpdateCheck = 1230;
				LastUpgradeCheck = 1230;
				TargetAttributes = {
					29797AEA25A76D1D00054F8F = {
						CreatedOnToolsVersion = 12.3;
					};
				};
			};
			buildConfigurationList = 29797AE625A76D1D00054F8F /* Build configuration list for PBXProject "day8" */;
			compatibilityVersion = "Xcode 9.3";
			developmentRegion = en;
			hasScannedForEncodings = 0;
			knownRegions = (
				en,
				Base,
			);
			mainGroup = 29797AE225A76D1D00054F8F;
			productRefGroup = 29797AEC25A76D1D00054F8F /* Products */;
			projectDirPath = "";
			projectRoot = "";
			targets = (
				29797AEA25A76D1D00054F8F /* day8 */,
			);
		};
/* End PBXProject section */

/* Begin PBXResourcesBuildPhase section */
		29797AE925A76D1D00054F8F /* Resources */ = {
			isa = PBXResourcesBuildPhase;
			buildActionMask = 2147483647;
			files = (
				29797AF625A76D1F00054F8F /* Preview Assets.xcassets in Resources */,
				29797AF325A76D1F00054F8F /* Assets.xcassets in Resources */,
			);
			runOnlyForDeploymentPostprocessing = 0;
		};
/* End PBXResourcesBuildPhase section */

/* Begin PBXSourcesBuildPhase section */
		29797AE725A76D1D00054F8F /* Sources */ = {
			isa = PBXSourcesBuildPhase;
			buildActionMask = 2147483647;
			files = (
				29797AF125A76D1D00054F8F /* ContentView.swift in Sources */,
				29797B0225A77A3200054F8F /* Env.swift in Sources */,
				29797AFF25A76D3E00054F8F /* secondpage.swift in Sources */,
				29797AEF25A76D1D00054F8F /* day8App.swift in Sources */,
			);
			runOnlyForDeploymentPostprocessing = 0;
		};
/* End PBXSourcesBuildPhase section */

/* Begin XCBuildConfiguration section */
		29797AF825A76D1F00054F8F /* Debug */ = {
			isa = XCBuildConfiguration;
			buildSettings = {
				ALWAYS_SEARCH_USER_PATHS = NO;
				CLANG_ANALYZER_NONNULL = YES;
				CLANG_ANALYZER_NUMBER_OBJECT_CONVERSION = YES_AGGRESSIVE;
				CLANG_CXX_LANGUAGE_STANDARD = "gnu++14";
				CLANG_CXX_LIBRARY = "libc++";
				CLANG_ENABLE_MODULES = YES;
				CLANG_ENABLE_OBJC_ARC = YES;
				CLANG_ENABLE_OBJC_WEAK = YES;
				CLANG_WARN_BLOCK_CAPTURE_AUTORELEASING = YES;
				CLANG_WARN_BOOL_CONVERSION = YES;
				CLANG_WARN_COMMA = YES;
				CLANG_WARN_CONSTANT_CONVERSION = YES;
				CLANG_WARN_DEPRECATED_OBJC_IMPLEMENTATIONS = YES;
				CLANG_WARN_DIRECT_OBJC_ISA_USAGE = YES_ERROR;
				CLANG_WARN_DOCUMENTATION_COMMENTS = YES;
				CLANG_WARN_EMPTY_BODY = YES;
				CLANG_WARN_ENUM_CONVERSION = YES;
				CLANG_WARN_INFINITE_RECURSION = YES;
				CLANG_WARN_INT_CONVERSION = YES;
				CLANG_WARN_NON_LITERAL_NULL_CONVERSION = YES;
				CLANG_WARN_OBJC_IMPLICIT_RETAIN_SELF = YES;
				CLANG_WARN_OBJC_LITERAL_CONVERSION = YES;
				CLANG_WARN_OBJC_ROOT_CLASS = YES_ERROR;
				CLANG_WARN_QUOTED_INCLUDE_IN_FRAMEWORK_HEADER = YES;
				CLANG_WARN_RANGE_LOOP_ANALYSIS = YES;
				CLANG_WARN_STRICT_PROTOTYPES = YES;
				CLANG_WARN_SUSPICIOUS_MOVE = YES;
				CLANG_WARN_UNGUARDED_AVAILABILITY = YES_AGGRESSIVE;
				CLANG_WARN_UNREACHABLE_CODE = YES;
				CLANG_WARN__DUPLICATE_METHOD_MATCH = YES;
				COPY_PHASE_STRIP = NO;
				DEBUG_INFORMATION_FORMAT = dwarf;
				ENABLE_STRICT_OBJC_MSGSEND = YES;
				ENABLE_TESTABILITY = YES;
				GCC_C_LANGUAGE_STANDARD = gnu11;
				GCC_DYNAMIC_NO_PIC = NO;
				GCC_NO_COMMON_BLOCKS = YES;
				GCC_OPTIMIZATION_LEVEL = 0;
				GCC_PREPROCESSOR_DEFINITIONS = (
					"DEBUG=1",
					"$(inherited)",
				);
				GCC_WARN_64_TO_32_BIT_CONVERSION = YES;
				GCC_WARN_ABOUT_RETURN_TYPE = YES_ERROR;
				GCC_WARN_UNDECLARED_SELECTOR = YES;
				GCC_WARN_UNINITIALIZED_AUTOS = YES_AGGRESSIVE;
				GCC_WARN_UNUSED_FUNCTION = YES;
				GCC_WARN_UNUSED_VARIABLE = YES;
				IPHONEOS_DEPLOYMENT_TARGET = 14.3;
				MTL_ENABLE_DEBUG_INFO = INCLUDE_SOURCE;
				MTL_FAST_MATH = YES;
				ONLY_ACTIVE_ARCH = YES;
				SDKROOT = iphoneos;
				SWIFT_ACTIVE_COMPILATION_CONDITIONS = DEBUG;
				SWIFT_OPTIMIZATION_LEVEL = "-Onone";
			};
			name = Debug;
		};
		29797AF925A76D1F00054F8F /* Release */ = {
			isa = XCBuildConfiguration;
			buildSettings = {
				ALWAYS_SEARCH_USER_PATHS = NO;
				CLANG_ANALYZER_NONNULL = YES;
				CLANG_ANALYZER_NUMBER_OBJECT_CONVERSION = YES_AGGRESSIVE;
				CLANG_CXX_LANGUAGE_STANDARD = "gnu++14";
				CLANG_CXX_LIBRARY = "libc++";
				CLANG_ENABLE_MODULES = YES;
				CLANG_ENABLE_OBJC_ARC = YES;
				CLANG_ENABLE_OBJC_WEAK = YES;
				CLANG_WARN_BLOCK_CAPTURE_AUTORELEASING = YES;
				CLANG_WARN_BOOL_CONVERSION = YES;
				CLANG_WARN_COMMA = YES;
				CLANG_WARN_CONSTANT_CONVERSION = YES;
				CLANG_WARN_DEPRECATED_OBJC_IMPLEMENTATIONS = YES;
				CLANG_WARN_DIRECT_OBJC_ISA_USAGE = YES_ERROR;
				CLANG_WARN_DOCUMENTATION_COMMENTS = YES;
				CLANG_WARN_EMPTY_BODY = YES;
				CLANG_WARN_ENUM_CONVERSION = YES;
				CLANG_WARN_INFINITE_RECURSION = YES;
				CLANG_WARN_INT_CONVERSION = YES;
				CLANG_WARN_NON_LITERAL_NULL_CONVERSION = YES;
				CLANG_WARN_OBJC_IMPLICIT_RETAIN_SELF = YES;
				CLANG_WARN_OBJC_LITERAL_CONVERSION = YES;
				CLANG_WARN_OBJC_ROOT_CLASS = YES_ERROR;
				CLANG_WARN_QUOTED_INCLUDE_IN_FRAMEWORK_HEADER = YES;
				CLANG_WARN_RANGE_LOOP_ANALYSIS = YES;
				CLANG_WARN_STRICT_PROTOTYPES = YES;
				CLANG_WARN_SUSPICIOUS_MOVE = YES;
				CLANG_WARN_UNGUARDED_AVAILABILITY = YES_AGGRESSIVE;
				CLANG_WARN_UNREACHABLE_CODE = YES;
				CLANG_WARN__DUPLICATE_METHOD_MATCH = YES;
				COPY_PHASE_STRIP = NO;
				DEBUG_INFORMATION_FORMAT = "dwarf-with-dsym";
				ENABLE_NS_ASSERTIONS = NO;
				ENABLE_STRICT_OBJC_MSGSEND = YES;
				GCC_C_LANGUAGE_STANDARD = gnu11;
				GCC_NO_COMMON_BLOCKS = YES;
				GCC_WARN_64_TO_32_BIT_CONVERSION = YES;
				GCC_WARN_ABOUT_RETURN_TYPE = YES_ERROR;
				GCC_WARN_UNDECLARED_SELECTOR = YES;
				GCC_WARN_UNINITIALIZED_AUTOS = YES_AGGRESSIVE;
				GCC_WARN_UNUSED_FUNCTION = YES;
				GCC_WARN_UNUSED_VARIABLE = YES;
				IPHONEOS_DEPLOYMENT_TARGET = 14.3;
				MTL_ENABLE_DEBUG_INFO = NO;
				MTL_FAST_MATH = YES;
				SDKROOT = iphoneos;
				SWIFT_COMPILATION_MODE = wholemodule;
				SWIFT_OPTIMIZATION_LEVEL = "-O";
				VALIDATE_PRODUCT = YES;
			};
			name = Release;
		};
		29797AFB25A76D1F00054F8F /* Debug */ = {
			isa = XCBuildConfiguration;
			buildSettings = {
				ASSETCATALOG_COMPILER_APPICON_NAME = AppIcon;
				ASSETCATALOG_COMPILER_GLOBAL_ACCENT_COLOR_NAME = AccentColor;
				CODE_SIGN_STYLE = Automatic;
				DEVELOPMENT_ASSET_PATHS = "\"day8/Preview Content\"";
				DEVELOPMENT_TEAM = VVK46Y3TM2;
				ENABLE_PREVIEWS = YES;
				INFOPLIST_FILE = day8/Info.plist;
				IPHONEOS_DEPLOYMENT_TARGET = 14.0;
				LD_RUNPATH_SEARCH_PATHS = (
					"$(inherited)",
					"@executable_path/Frameworks",
				);
				PRODUCT_BUNDLE_IDENTIFIER = bibi130.day8;
				PRODUCT_NAME = "$(TARGET_NAME)";
				SWIFT_VERSION = 5.0;
				TARGETED_DEVICE_FAMILY = "1,2";
			};
			name = Debug;
		};
		29797AFC25A76D1F00054F8F /* Release */ = {
			isa = XCBuildConfiguration;
			buildSettings = {
				ASSETCATALOG_COMPILER_APPICON_NAME = AppIcon;
				ASSETCATALOG_COMPILER_GLOBAL_ACCENT_COLOR_NAME = AccentColor;
				CODE_SIGN_STYLE = Automatic;
				DEVELOPMENT_ASSET_PATHS = "\"day8/Preview Content\"";
				DEVELOPMENT_TEAM = VVK46Y3TM2;
				ENABLE_PREVIEWS = YES;
				INFOPLIST_FILE = day8/Info.plist;
				IPHONEOS_DEPLOYMENT_TARGET = 14.0;
				LD_RUNPATH_SEARCH_PATHS = (
					"$(inherited)",
					"@executable_path/Frameworks",
				);
				PRODUCT_BUNDLE_IDENTIFIER = bibi130.day8;
				PRODUCT_NAME = "$(TARGET_NAME)";
				SWIFT_VERSION = 5.0;
				TARGETED_DEVICE_FAMILY = "1,2";
			};
			name = Release;
		};
/* End XCBuildConfiguration section */

/* Begin XCConfigurationList section */
		29797AE625A76D1D00054F8F /* Build configuration list for PBXProject "day8" */ = {
			isa = XCConfigurationList;
			buildConfigurations = (
				29797AF825A76D1F00054F8F /* Debug */,
				29797AF925A76D1F00054F8F /* Release */,
			);
			defaultConfigurationIsVisible = 0;
			defaultConfigurationName = Release;
		};
		29797AFA25A76D1F00054F8F /* Build configuration list for PBXNativeTarget "day8" */ = {
			isa = XCConfigurationList;
			buildConfigurations = (
				29797AFB25A76D1F00054F8F /* Debug */,
				29797AFC25A76D1F00054F8F /* Release */,
			);
			defaultConfigurationIsVisible = 0;
			defaultConfigurationName = Release;
		};
/* End XCConfigurationList section */
	};
	rootObject = 29797AE325A76D1D00054F8F /* Project object */;
}
